
Microsoft Visual Studio Solution File, Format Version 12.00
# Visual Studio 15
VisualStudioVersion = 15.0.27703.2035
MinimumVisualStudioVersion = 10.0.40219.1
Project("{FAE04EC0-301F-11D3-BF4B-00C04F79EFBC}") = "WebAPI-ECommerce", "WebAPI-ECommerce\WebAPI-ECommerce.csproj", "{D500B93C-2495-43B2-8103-E232D744F1EB}"
EndProject
Global
	GlobalSection(SolutionConfigurationPlatforms) = preSolution
		Debug|Any CPU = Debug|Any CPU
		Release|Any CPU = Release|Any CPU
	EndGlobalSection
	GlobalSection(ProjectConfigurationPlatforms) = postSolution
		{D500B93C-2495-43B2-8103-E232D744F1EB}.Debug|Any CPU.ActiveCfg = Debug|Any CPU
		{D500B93C-2495-43B2-8103-E232D744F1EB}.Debug|Any CPU.Build.0 = Debug|Any CPU
		{D500B93C-2495-43B2-8103-E232D744F1EB}.Release|Any CPU.ActiveCfg = Release|Any CPU
		{D500B93C-2495-43B2-8103-E232D744F1EB}.Release|Any CPU.Build.0 = Release|Any CPU
	EndGlobalSection
	GlobalSection(SolutionProperties) = preSolution
		HideSolutionNode = FALSE
	EndGlobalSection
	GlobalSection(ExtensibilityGlobals) = postSolution
		SolutionGuid = {03027F2F-9216-44A8-BE92-4C8B6AB0541E}
	EndGlobalSection
EndGlobal
